
Microsoft Visual Studio Solution File, Format Version 12.00
# Visual Studio Version 16
VisualStudioVersion = 16.0.32901.82
MinimumVisualStudioVersion = 10.0.40219.1
Project("{FAE04EC0-301F-11D3-BF4B-00C04F79EFBC}") = "P1XCS000051", "P1XCS000051\P1XCS000051.csproj", "{B97F75E4-5059-4EB6-959C-47BF20476932}"
EndProject
Global
	GlobalSection(SolutionConfigurationPlatforms) = preSolution
		Debug|Any CPU = Debug|Any CPU
		Release|Any CPU = Release|Any CPU
	EndGlobalSection
	GlobalSection(ProjectConfigurationPlatforms) = postSolution
		{B97F75E4-5059-4EB6-959C-47BF20476932}.Debug|Any CPU.ActiveCfg = Debug|Any CPU
		{B97F75E4-5059-4EB6-959C-47BF20476932}.Debug|Any CPU.Build.0 = Debug|Any CPU
		{B97F75E4-5059-4EB6-959C-47BF20476932}.Release|Any CPU.ActiveCfg = Release|Any CPU
		{B97F75E4-5059-4EB6-959C-47BF20476932}.Release|Any CPU.Build.0 = Release|Any CPU
	EndGlobalSection
	GlobalSection(SolutionProperties) = preSolution
		HideSolutionNode = FALSE
	EndGlobalSection
	GlobalSection(ExtensibilityGlobals) = postSolution
		SolutionGuid = {6616BD56-9F1C-453D-918C-BF9D0E3F5157}
	EndGlobalSection
EndGlobal
